
Microsoft Visual Studio Solution File, Format Version 12.00
# Visual Studio Version 17
VisualStudioVersion = 17.6.33712.159
MinimumVisualStudioVersion = 10.0.40219.1
Project("{9A19103F-16F7-4668-BE54-9A1E7A4F7556}") = "CreateAliasExample", "CreateAliasExample\CreateAliasExample.csproj", "{B0DEC359-E808-434D-848A-82FB71EC89E7}"
EndProject
Project("{9A19103F-16F7-4668-BE54-9A1E7A4F7556}") = "CreateGrantExample", "CreateGrantExample\CreateGrantExample.csproj", "{D1E1DFCF-BFB3-4A18-9392-9A2E6B8E7F93}"
EndProject
Project("{9A19103F-16F7-4668-BE54-9A1E7A4F7556}") = "CreateKeyExample", "CreateKeyExample\CreateKeyExample.csproj", "{BBF85F36-AA08-445C-A775-9200ED23BB8D}"
EndProject
Project("{9A19103F-16F7-4668-BE54-9A1E7A4F7556}") = "DescribeKeyExample", "DescribeKeyExample\DescribeKeyExample.csproj", "{F962EE68-08D6-4749-88E4-8996FA6C177E}"
EndProject
Project("{9A19103F-16F7-4668-BE54-9A1E7A4F7556}") = "DisableKeyExample", "DisableKeyExample\DisableKeyExample.csproj", "{15ED4ABF-D1E4-46DC-A687-444CE0A6FD09}"
EndProject
Project("{9A19103F-16F7-4668-BE54-9A1E7A4F7556}") = "EnableKeyExample", "EnableKeyExample\EnableKeyExample.csproj", "{ECFFD585-07C1-41BA-9E8B-69C206163B0F}"
EndProject
Project("{9A19103F-16F7-4668-BE54-9A1E7A4F7556}") = "ListAliasesExample", "ListAliasesExample\ListAliasesExample.csproj", "{B26E441E-99CB-4984-B22D-CD9756C119A8}"
EndProject
Project("{9A19103F-16F7-4668-BE54-9A1E7A4F7556}") = "ListGrantsExample", "ListGrantsExample\ListGrantsExample.csproj", "{FAD6B8A4-4A8B-4CA7-8B72-62142391BDC2}"
EndProject
Project("{9A19103F-16F7-4668-BE54-9A1E7A4F7556}") = "ListKeysExample", "ListKeysExample\ListKeysExample.csproj", "{7E1A3734-36D9-4F92-851B-1AF60E658826}"
EndProject
Global
	GlobalSection(SolutionConfigurationPlatforms) = preSolution
		Debug|Any CPU = Debug|Any CPU
		Release|Any CPU = Release|Any CPU
	EndGlobalSection
	GlobalSection(ProjectConfigurationPlatforms) = postSolution
		{B0DEC359-E808-434D-848A-82FB71EC89E7}.Debug|Any CPU.ActiveCfg = Debug|Any CPU
		{B0DEC359-E808-434D-848A-82FB71EC89E7}.Debug|Any CPU.Build.0 = Debug|Any CPU
		{B0DEC359-E808-434D-848A-82FB71EC89E7}.Release|Any CPU.ActiveCfg = Release|Any CPU
		{B0DEC359-E808-434D-848A-82FB71EC89E7}.Release|Any CPU.Build.0 = Release|Any CPU
		{D1E1DFCF-BFB3-4A18-9392-9A2E6B8E7F93}.Debug|Any CPU.ActiveCfg = Debug|Any CPU
		{D1E1DFCF-BFB3-4A18-9392-9A2E6B8E7F93}.Debug|Any CPU.Build.0 = Debug|Any CPU
		{D1E1DFCF-BFB3-4A18-9392-9A2E6B8E7F93}.Release|Any CPU.ActiveCfg = Release|Any CPU
		{D1E1DFCF-BFB3-4A18-9392-9A2E6B8E7F93}.Release|Any CPU.Build.0 = Release|Any CPU
		{BBF85F36-AA08-445C-A775-9200ED23BB8D}.Debug|Any CPU.ActiveCfg = Debug|Any CPU
		{BBF85F36-AA08-445C-A775-9200ED23BB8D}.Debug|Any CPU.Build.0 = Debug|Any CPU
		{BBF85F36-AA08-445C-A775-9200ED23BB8D}.Release|Any CPU.ActiveCfg = Release|Any CPU
		{BBF85F36-AA08-445C-A775-9200ED23BB8D}.Release|Any CPU.Build.0 = Release|Any CPU
		{F962EE68-08D6-4749-88E4-8996FA6C177E}.Debug|Any CPU.ActiveCfg = Debug|Any CPU
		{F962EE68-08D6-4749-88E4-8996FA6C177E}.Debug|Any CPU.Build.0 = Debug|Any CPU
		{F962EE68-08D6-4749-88E4-8996FA6C177E}.Release|Any CPU.ActiveCfg = Release|Any CPU
		{F962EE68-08D6-4749-88E4-8996FA6C177E}.Release|Any CPU.Build.0 = Release|Any CPU
		{15ED4ABF-D1E4-46DC-A687-444CE0A6FD09}.Debug|Any CPU.ActiveCfg = Debug|Any CPU
		{15ED4ABF-D1E4-46DC-A687-444CE0A6FD09}.Debug|Any CPU.Build.0 = Debug|Any CPU
		{15ED4ABF-D1E4-46DC-A687-444CE0A6FD09}.Release|Any CPU.ActiveCfg = Release|Any CPU
		{15ED4ABF-D1E4-46DC-A687-444CE0A6FD09}.Release|Any CPU.Build.0 = Release|Any CPU
		{ECFFD585-07C1-41BA-9E8B-69C206163B0F}.Debug|Any CPU.ActiveCfg = Debug|Any CPU
		{ECFFD585-07C1-41BA-9E8B-69C206163B0F}.Debug|Any CPU.Build.0 = Debug|Any CPU
		{ECFFD585-07C1-41BA-9E8B-69C206163B0F}.Release|Any CPU.ActiveCfg = Release|Any CPU
		{ECFFD585-07C1-41BA-9E8B-69C206163B0F}.Release|Any CPU.Build.0 = Release|Any CPU
		{B26E441E-99CB-4984-B22D-CD9756C119A8}.Debug|Any CPU.ActiveCfg = Debug|Any CPU
		{B26E441E-99CB-4984-B22D-CD9756C119A8}.Debug|Any CPU.Build.0 = Debug|Any CPU
		{B26E441E-99CB-4984-B22D-CD9756C119A8}.Release|Any CPU.ActiveCfg = Release|Any CPU
		{B26E441E-99CB-4984-B22D-CD9756C119A8}.Release|Any CPU.Build.0 = Release|Any CPU
		{FAD6B8A4-4A8B-4CA7-8B72-62142391BDC2}.Debug|Any CPU.ActiveCfg = Debug|Any CPU
		{FAD6B8A4-4A8B-4CA7-8B72-62142391BDC2}.Debug|Any CPU.Build.0 = Debug|Any CPU
		{FAD6B8A4-4A8B-4CA7-8B72-62142391BDC2}.Release|Any CPU.ActiveCfg = Release|Any CPU
		{FAD6B8A4-4A8B-4CA7-8B72-62142391BDC2}.Release|Any CPU.Build.0 = Release|Any CPU
		{7E1A3734-36D9-4F92-851B-1AF60E658826}.Debug|Any CPU.ActiveCfg = Debug|Any CPU
		{7E1A3734-36D9-4F92-851B-1AF60E658826}.Debug|Any CPU.Build.0 = Debug|Any CPU
		{7E1A3734-36D9-4F92-851B-1AF60E658826}.Release|Any CPU.ActiveCfg = Release|Any CPU
		{7E1A3734-36D9-4F92-851B-1AF60E658826}.Release|Any CPU.Build.0 = Release|Any CPU
	EndGlobalSection
	GlobalSection(SolutionProperties) = preSolution
		HideSolutionNode = FALSE
	EndGlobalSection
	GlobalSection(ExtensibilityGlobals) = postSolution
		SolutionGuid = {A3902730-A11C-4075-ADCE-B5385A88069B}
	EndGlobalSection
EndGlobal
